// !$*UTF8*$!
{
	archiveVersion = 1;
	classes = {
	};
	objectVersion = 55;
	objects = {

/* Begin PBXBuildFile section */
		D38BE29F2939C48F007EC3BF /* AppDelegate.swift in Sources */ = {isa = PBXBuildFile; fileRef = D38BE29E2939C48F007EC3BF /* AppDelegate.swift */; };
		D38BE2A12939C48F007EC3BF /* SceneDelegate.swift in Sources */ = {isa = PBXBuildFile; fileRef = D38BE2A02939C48F007EC3BF /* SceneDelegate.swift */; };
		D38BE2A32939C48F007EC3BF /* ViewController.swift in Sources */ = {isa = PBXBuildFile; fileRef = D38BE2A22939C48F007EC3BF /* ViewController.swift */; };
		D38BE2A62939C48F007EC3BF /* Main.storyboard in Resources */ = {isa = PBXBuildFile; fileRef = D38BE2A42939C48F007EC3BF /* Main.storyboard */; };
		D38BE2A82939C490007EC3BF /* Assets.xcassets in Resources */ = {isa = PBXBuildFile; fileRef = D38BE2A72939C490007EC3BF /* Assets.xcassets */; };
		D38BE2AB2939C490007EC3BF /* LaunchScreen.storyboard in Resources */ = {isa = PBXBuildFile; fileRef = D38BE2A92939C490007EC3BF /* LaunchScreen.storyboard */; };
		D38BE2B62939C490007EC3BF /* CallKitSampleTests.swift in Sources */ = {isa = PBXBuildFile; fileRef = D38BE2B52939C490007EC3BF /* CallKitSampleTests.swift */; };
		D38BE2C02939C490007EC3BF /* CallKitSampleUITests.swift in Sources */ = {isa = PBXBuildFile; fileRef = D38BE2BF2939C490007EC3BF /* CallKitSampleUITests.swift */; };
		D38BE2C22939C490007EC3BF /* CallKitSampleUITestsLaunchTests.swift in Sources */ = {isa = PBXBuildFile; fileRef = D38BE2C12939C490007EC3BF /* CallKitSampleUITestsLaunchTests.swift */; };
		D3FEDBA0293AD76A0015F560 /* CallManager.swift in Sources */ = {isa = PBXBuildFile; fileRef = D3FEDB9F293AD76A0015F560 /* CallManager.swift */; };
/* End PBXBuildFile section */

/* Begin PBXContainerItemProxy section */
		D38BE2B22939C490007EC3BF /* PBXContainerItemProxy */ = {
			isa = PBXContainerItemProxy;
			containerPortal = D38BE2932939C48F007EC3BF /* Project object */;
			proxyType = 1;
			remoteGlobalIDString = D38BE29A2939C48F007EC3BF;
			remoteInfo = CallKitSample;
		};
		D38BE2BC2939C490007EC3BF /* PBXContainerItemProxy */ = {
			isa = PBXContainerItemProxy;
			containerPortal = D38BE2932939C48F007EC3BF /* Project object */;
			proxyType = 1;
			remoteGlobalIDString = D38BE29A2939C48F007EC3BF;
			remoteInfo = CallKitSample;
		};
/* End PBXContainerItemProxy section */

/* Begin PBXFileReference section */
		D38BE29B2939C48F007EC3BF /* CallKitSample.app */ = {isa = PBXFileReference; explicitFileType = wrapper.application; includeInIndex = 0; path = CallKitSample.app; sourceTree = BUILT_PRODUCTS_DIR; };
		D38BE29E2939C48F007EC3BF /* AppDelegate.swift */ = {isa = PBXFileReference; lastKnownFileType = sourcecode.swift; path = AppDelegate.swift; sourceTree = "<group>"; };
		D38BE2A02939C48F007EC3BF /* SceneDelegate.swift */ = {isa = PBXFileReference; lastKnownFileType = sourcecode.swift; path = SceneDelegate.swift; sourceTree = "<group>"; };
		D38BE2A22939C48F007EC3BF /* ViewController.swift */ = {isa = PBXFileReference; lastKnownFileType = sourcecode.swift; path = ViewController.swift; sourceTree = "<group>"; };
		D38BE2A52939C48F007EC3BF /* Base */ = {isa = PBXFileReference; lastKnownFileType = file.storyboard; name = Base; path = Base.lproj/Main.storyboard; sourceTree = "<group>"; };
		D38BE2A72939C490007EC3BF /* Assets.xcassets */ = {isa = PBXFileReference; lastKnownFileType = folder.assetcatalog; path = Assets.xcassets; sourceTree = "<group>"; };
		D38BE2AA2939C490007EC3BF /* Base */ = {isa = PBXFileReference; lastKnownFileType = file.storyboard; name = Base; path = Base.lproj/LaunchScreen.storyboard; sourceTree = "<group>"; };
		D38BE2AC2939C490007EC3BF /* Info.plist */ = {isa = PBXFileReference; lastKnownFileType = text.plist.xml; path = Info.plist; sourceTree = "<group>"; };
		D38BE2B12939C490007EC3BF /* CallKitSampleTests.xctest */ = {isa = PBXFileReference; explicitFileType = wrapper.cfbundle; includeInIndex = 0; path = CallKitSampleTests.xctest; sourceTree = BUILT_PRODUCTS_DIR; };
		D38BE2B52939C490007EC3BF /* CallKitSampleTests.swift */ = {isa = PBXFileReference; lastKnownFileType = sourcecode.swift; path = CallKitSampleTests.swift; sourceTree = "<group>"; };
		D38BE2BB2939C490007EC3BF /* CallKitSampleUITests.xctest */ = {isa = PBXFileReference; explicitFileType = wrapper.cfbundle; includeInIndex = 0; path = CallKitSampleUITests.xctest; sourceTree = BUILT_PRODUCTS_DIR; };
		D38BE2BF2939C490007EC3BF /* CallKitSampleUITests.swift */ = {isa = PBXFileReference; lastKnownFileType = sourcecode.swift; path = CallKitSampleUITests.swift; sourceTree = "<group>"; };
		D38BE2C12939C490007EC3BF /* CallKitSampleUITestsLaunchTests.swift */ = {isa = PBXFileReference; lastKnownFileType = sourcecode.swift; path = CallKitSampleUITestsLaunchTests.swift; sourceTree = "<group>"; };
		D3FEDB9F293AD76A0015F560 /* CallManager.swift */ = {isa = PBXFileReference; lastKnownFileType = sourcecode.swift; path = CallManager.swift; sourceTree = "<group>"; };
/* End PBXFileReference section */

/* Begin PBXFrameworksBuildPhase section */
		D38BE2982939C48F007EC3BF /* Frameworks */ = {
			isa = PBXFrameworksBuildPhase;
			buildActionMask = 2147483647;
			files = (
			);
			runOnlyForDeploymentPostprocessing = 0;
		};
		D38BE2AE2939C490007EC3BF /* Frameworks */ = {
			isa = PBXFrameworksBuildPhase;
			buildActionMask = 2147483647;
			files = (
			);
			runOnlyForDeploymentPostprocessing = 0;
		};
		D38BE2B82939C490007EC3BF /* Frameworks */ = {
			isa = PBXFrameworksBuildPhase;
			buildActionMask = 2147483647;
			files = (
			);
			runOnlyForDeploymentPostprocessing = 0;
		};
/* End PBXFrameworksBuildPhase section */

/* Begin PBXGroup section */
		D38BE2922939C48F007EC3BF = {
			isa = PBXGroup;
			children = (
				D38BE29D2939C48F007EC3BF /* CallKitSample */,
				D38BE2B42939C490007EC3BF /* CallKitSampleTests */,
				D38BE2BE2939C490007EC3BF /* CallKitSampleUITests */,
				D38BE29C2939C48F007EC3BF /* Products */,
			);
			sourceTree = "<group>";
		};
		D38BE29C2939C48F007EC3BF /* Products */ = {
			isa = PBXGroup;
			children = (
				D38BE29B2939C48F007EC3BF /* CallKitSample.app */,
				D38BE2B12939C490007EC3BF /* CallKitSampleTests.xctest */,
				D38BE2BB2939C490007EC3BF /* CallKitSampleUITests.xctest */,
			);
			name = Products;
			sourceTree = "<group>";
		};
		D38BE29D2939C48F007EC3BF /* CallKitSample */ = {
			isa = PBXGroup;
			children = (
				D38BE29E2939C48F007EC3BF /* AppDelegate.swift */,
				D38BE2A02939C48F007EC3BF /* SceneDelegate.swift */,
				D38BE2A22939C48F007EC3BF /* ViewController.swift */,
				D38BE2A42939C48F007EC3BF /* Main.storyboard */,
				D38BE2A72939C490007EC3BF /* Assets.xcassets */,
				D38BE2A92939C490007EC3BF /* LaunchScreen.storyboard */,
				D38BE2AC2939C490007EC3BF /* Info.plist */,
				D3FEDB9F293AD76A0015F560 /* CallManager.swift */,
			);
			path = CallKitSample;
			sourceTree = "<group>";
		};
		D38BE2B42939C490007EC3BF /* CallKitSampleTests */ = {
			isa = PBXGroup;
			children = (
				D38BE2B52939C490007EC3BF /* CallKitSampleTests.swift */,
			);
			path = CallKitSampleTests;
			sourceTree = "<group>";
		};
		D38BE2BE2939C490007EC3BF /* CallKitSampleUITests */ = {
			isa = PBXGroup;
			children = (
				D38BE2BF2939C490007EC3BF /* CallKitSampleUITests.swift */,
				D38BE2C12939C490007EC3BF /* CallKitSampleUITestsLaunchTests.swift */,
			);
			path = CallKitSampleUITests;
			sourceTree = "<group>";
		};
/* End PBXGroup section */

/* Begin PBXNativeTarget section */
		D38BE29A2939C48F007EC3BF /* CallKitSample */ = {
			isa = PBXNativeTarget;
			buildConfigurationList = D38BE2C52939C490007EC3BF /* Build configuration list for PBXNativeTarget "CallKitSample" */;
			buildPhases = (
				D38BE2972939C48F007EC3BF /* Sources */,
				D38BE2982939C48F007EC3BF /* Frameworks */,
				D38BE2992939C48F007EC3BF /* Resources */,
			);
			buildRules = (
			);
			dependencies = (
			);
			name = CallKitSample;
			productName = CallKitSample;
			productReference = D38BE29B2939C48F007EC3BF /* CallKitSample.app */;
			productType = "com.apple.product-type.application";
		};
		D38BE2B02939C490007EC3BF /* CallKitSampleTests */ = {
			isa = PBXNativeTarget;
			buildConfigurationList = D38BE2C82939C490007EC3BF /* Build configuration list for PBXNativeTarget "CallKitSampleTests" */;
			buildPhases = (
				D38BE2AD2939C490007EC3BF /* Sources */,
				D38BE2AE2939C490007EC3BF /* Frameworks */,
				D38BE2AF2939C490007EC3BF /* Resources */,
			);
			buildRules = (
			);
			dependencies = (
				D38BE2B32939C490007EC3BF /* PBXTargetDependency */,
			);
			name = CallKitSampleTests;
			productName = CallKitSampleTests;
			productReference = D38BE2B12939C490007EC3BF /* CallKitSampleTests.xctest */;
			productType = "com.apple.product-type.bundle.unit-test";
		};
		D38BE2BA2939C490007EC3BF /* CallKitSampleUITests */ = {
			isa = PBXNativeTarget;
			buildConfigurationList = D38BE2CB2939C490007EC3BF /* Build configuration list for PBXNativeTarget "CallKitSampleUITests" */;
			buildPhases = (
				D38BE2B72939C490007EC3BF /* Sources */,
				D38BE2B82939C490007EC3BF /* Frameworks */,
				D38BE2B92939C490007EC3BF /* Resources */,
			);
			buildRules = (
			);
			dependencies = (
				D38BE2BD2939C490007EC3BF /* PBXTargetDependency */,
			);
			name = CallKitSampleUITests;
			productName = CallKitSampleUITests;
			productReference = D38BE2BB2939C490007EC3BF /* CallKitSampleUITests.xctest */;
			productType = "com.apple.product-type.bundle.ui-testing";
		};
/* End PBXNativeTarget section */

/* Begin PBXProject section */
		D38BE2932939C48F007EC3BF /* Project object */ = {
			isa = PBXProject;
			attributes = {
				BuildIndependentTargetsInParallel = 1;
				LastSwiftUpdateCheck = 1340;
				LastUpgradeCheck = 1340;
				TargetAttributes = {
					D38BE29A2939C48F007EC3BF = {
						CreatedOnToolsVersion = 13.4;
					};
					D38BE2B02939C490007EC3BF = {
						CreatedOnToolsVersion = 13.4;
						TestTargetID = D38BE29A2939C48F007EC3BF;
					};
					D38BE2BA2939C490007EC3BF = {
						CreatedOnToolsVersion = 13.4;
						TestTargetID = D38BE29A2939C48F007EC3BF;
					};
				};
			};
			buildConfigurationList = D38BE2962939C48F007EC3BF /* Build configuration list for PBXProject "CallKitSample" */;
			compatibilityVersion = "Xcode 13.0";
			developmentRegion = en;
			hasScannedForEncodings = 0;
			knownRegions = (
				en,
				Base,
			);
			mainGroup = D38BE2922939C48F007EC3BF;
			productRefGroup = D38BE29C2939C48F007EC3BF /* Products */;
			projectDirPath = "";
			projectRoot = "";
			targets = (
				D38BE29A2939C48F007EC3BF /* CallKitSample */,
				D38BE2B02939C490007EC3BF /* CallKitSampleTests */,
				D38BE2BA2939C490007EC3BF /* CallKitSampleUITests */,
			);
		};
/* End PBXProject section */

/* Begin PBXResourcesBuildPhase section */
		D38BE2992939C48F007EC3BF /* Resources */ = {
			isa = PBXResourcesBuildPhase;
			buildActionMask = 2147483647;
			files = (
				D38BE2AB2939C490007EC3BF /* LaunchScreen.storyboard in Resources */,
				D38BE2A82939C490007EC3BF /* Assets.xcassets in Resources */,
				D38BE2A62939C48F007EC3BF /* Main.storyboard in Resources */,
			);
			runOnlyForDeploymentPostprocessing = 0;
		};
		D38BE2AF2939C490007EC3BF /* Resources */ = {
			isa = PBXResourcesBuildPhase;
			buildActionMask = 2147483647;
			files = (
			);
			runOnlyForDeploymentPostprocessing = 0;
		};
		D38BE2B92939C490007EC3BF /* Resources */ = {
			isa = PBXResourcesBuildPhase;
			buildActionMask = 2147483647;
			files = (
			);
			runOnlyForDeploymentPostprocessing = 0;
		};
/* End PBXResourcesBuildPhase section */

/* Begin PBXSourcesBuildPhase section */
		D38BE2972939C48F007EC3BF /* Sources */ = {
			isa = PBXSourcesBuildPhase;
			buildActionMask = 2147483647;
			files = (
				D38BE2A32939C48F007EC3BF /* ViewController.swift in Sources */,
				D38BE29F2939C48F007EC3BF /* AppDelegate.swift in Sources */,
				D38BE2A12939C48F007EC3BF /* SceneDelegate.swift in Sources */,
				D3FEDBA0293AD76A0015F560 /* CallManager.swift in Sources */,
			);
			runOnlyForDeploymentPostprocessing = 0;
		};
		D38BE2AD2939C490007EC3BF /* Sources */ = {
			isa = PBXSourcesBuildPhase;
			buildActionMask = 2147483647;
			files = (
				D38BE2B62939C490007EC3BF /* CallKitSampleTests.swift in Sources */,
			);
			runOnlyForDeploymentPostprocessing = 0;
		};
		D38BE2B72939C490007EC3BF /* Sources */ = {
			isa = PBXSourcesBuildPhase;
			buildActionMask = 2147483647;
			files = (
				D38BE2C02939C490007EC3BF /* CallKitSampleUITests.swift in Sources */,
				D38BE2C22939C490007EC3BF /* CallKitSampleUITestsLaunchTests.swift in Sources */,
			);
			runOnlyForDeploymentPostprocessing = 0;
		};
/* End PBXSourcesBuildPhase section */

/* Begin PBXTargetDependency section */
		D38BE2B32939C490007EC3BF /* PBXTargetDependency */ = {
			isa = PBXTargetDependency;
			target = D38BE29A2939C48F007EC3BF /* CallKitSample */;
			targetProxy = D38BE2B22939C490007EC3BF /* PBXContainerItemProxy */;
		};
		D38BE2BD2939C490007EC3BF /* PBXTargetDependency */ = {
			isa = PBXTargetDependency;
			target = D38BE29A2939C48F007EC3BF /* CallKitSample */;
			targetProxy = D38BE2BC2939C490007EC3BF /* PBXContainerItemProxy */;
		};
/* End PBXTargetDependency section */

/* Begin PBXVariantGroup section */
		D38BE2A42939C48F007EC3BF /* Main.storyboard */ = {
			isa = PBXVariantGroup;
			children = (
				D38BE2A52939C48F007EC3BF /* Base */,
			);
			name = Main.storyboard;
			sourceTree = "<group>";
		};
		D38BE2A92939C490007EC3BF /* LaunchScreen.storyboard */ = {
			isa = PBXVariantGroup;
			children = (
				D38BE2AA2939C490007EC3BF /* Base */,
			);
			name = LaunchScreen.storyboard;
			sourceTree = "<group>";
		};
/* End PBXVariantGroup section */

/* Begin XCBuildConfiguration section */
		D38BE2C32939C490007EC3BF /* Debug */ = {
			isa = XCBuildConfiguration;
			buildSettings = {
				ALWAYS_SEARCH_USER_PATHS = NO;
				CLANG_ANALYZER_NONNULL = YES;
				CLANG_ANALYZER_NUMBER_OBJECT_CONVERSION = YES_AGGRESSIVE;
				CLANG_CXX_LANGUAGE_STANDARD = "gnu++17";
				CLANG_ENABLE_MODULES = YES;
				CLANG_ENABLE_OBJC_ARC = YES;
				CLANG_ENABLE_OBJC_WEAK = YES;
				CLANG_WARN_BLOCK_CAPTURE_AUTORELEASING = YES;
				CLANG_WARN_BOOL_CONVERSION = YES;
				CLANG_WARN_COMMA = YES;
				CLANG_WARN_CONSTANT_CONVERSION = YES;
				CLANG_WARN_DEPRECATED_OBJC_IMPLEMENTATIONS = YES;
				CLANG_WARN_DIRECT_OBJC_ISA_USAGE = YES_ERROR;
				CLANG_WARN_DOCUMENTATION_COMMENTS = YES;
				CLANG_WARN_EMPTY_BODY = YES;
				CLANG_WARN_ENUM_CONVERSION = YES;
				CLANG_WARN_INFINITE_RECURSION = YES;
				CLANG_WARN_INT_CONVERSION = YES;
				CLANG_WARN_NON_LITERAL_NULL_CONVERSION = YES;
				CLANG_WARN_OBJC_IMPLICIT_RETAIN_SELF = YES;
				CLANG_WARN_OBJC_LITERAL_CONVERSION = YES;
				CLANG_WARN_OBJC_ROOT_CLASS = YES_ERROR;
				CLANG_WARN_QUOTED_INCLUDE_IN_FRAMEWORK_HEADER = YES;
				CLANG_WARN_RANGE_LOOP_ANALYSIS = YES;
				CLANG_WARN_STRICT_PROTOTYPES = YES;
				CLANG_WARN_SUSPICIOUS_MOVE = YES;
				CLANG_WARN_UNGUARDED_AVAILABILITY = YES_AGGRESSIVE;
				CLANG_WARN_UNREACHABLE_CODE = YES;
				CLANG_WARN__DUPLICATE_METHOD_MATCH = YES;
				COPY_PHASE_STRIP = NO;
				DEBUG_INFORMATION_FORMAT = dwarf;
				ENABLE_STRICT_OBJC_MSGSEND = YES;
				ENABLE_TESTABILITY = YES;
				GCC_C_LANGUAGE_STANDARD = gnu11;
				GCC_DYNAMIC_NO_PIC = NO;
				GCC_NO_COMMON_BLOCKS = YES;
				GCC_OPTIMIZATION_LEVEL = 0;
				GCC_PREPROCESSOR_DEFINITIONS = (
					"DEBUG=1",
					"$(inherited)",
				);
				GCC_WARN_64_TO_32_BIT_CONVERSION = YES;
				GCC_WARN_ABOUT_RETURN_TYPE = YES_ERROR;
				GCC_WARN_UNDECLARED_SELECTOR = YES;
				GCC_WARN_UNINITIALIZED_AUTOS = YES_AGGRESSIVE;
				GCC_WARN_UNUSED_FUNCTION = YES;
				GCC_WARN_UNUSED_VARIABLE = YES;
				IPHONEOS_DEPLOYMENT_TARGET = 15.5;
				MTL_ENABLE_DEBUG_INFO = INCLUDE_SOURCE;
				MTL_FAST_MATH = YES;
				ONLY_ACTIVE_ARCH = YES;
				SDKROOT = iphoneos;
				SWIFT_ACTIVE_COMPILATION_CONDITIONS = DEBUG;
				SWIFT_OPTIMIZATION_LEVEL = "-Onone";
			};
			name = Debug;
		};
		D38BE2C42939C490007EC3BF /* Release */ = {
			isa = XCBuildConfiguration;
			buildSettings = {
				ALWAYS_SEARCH_USER_PATHS = NO;
				CLANG_ANALYZER_NONNULL = YES;
				CLANG_ANALYZER_NUMBER_OBJECT_CONVERSION = YES_AGGRESSIVE;
				CLANG_CXX_LANGUAGE_STANDARD = "gnu++17";
				CLANG_ENABLE_MODULES = YES;
				CLANG_ENABLE_OBJC_ARC = YES;
				CLANG_ENABLE_OBJC_WEAK = YES;
				CLANG_WARN_BLOCK_CAPTURE_AUTORELEASING = YES;
				CLANG_WARN_BOOL_CONVERSION = YES;
				CLANG_WARN_COMMA = YES;
				CLANG_WARN_CONSTANT_CONVERSION = YES;
				CLANG_WARN_DEPRECATED_OBJC_IMPLEMENTATIONS = YES;
				CLANG_WARN_DIRECT_OBJC_ISA_USAGE = YES_ERROR;
				CLANG_WARN_DOCUMENTATION_COMMENTS = YES;
				CLANG_WARN_EMPTY_BODY = YES;
				CLANG_WARN_ENUM_CONVERSION = YES;
				CLANG_WARN_INFINITE_RECURSION = YES;
				CLANG_WARN_INT_CONVERSION = YES;
				CLANG_WARN_NON_LITERAL_NULL_CONVERSION = YES;
				CLANG_WARN_OBJC_IMPLICIT_RETAIN_SELF = YES;
				CLANG_WARN_OBJC_LITERAL_CONVERSION = YES;
				CLANG_WARN_OBJC_ROOT_CLASS = YES_ERROR;
				CLANG_WARN_QUOTED_INCLUDE_IN_FRAMEWORK_HEADER = YES;
				CLANG_WARN_RANGE_LOOP_ANALYSIS = YES;
				CLANG_WARN_STRICT_PROTOTYPES = YES;
				CLANG_WARN_SUSPICIOUS_MOVE = YES;
				CLANG_WARN_UNGUARDED_AVAILABILITY = YES_AGGRESSIVE;
				CLANG_WARN_UNREACHABLE_CODE = YES;
				CLANG_WARN__DUPLICATE_METHOD_MATCH = YES;
				COPY_PHASE_STRIP = NO;
				DEBUG_INFORMATION_FORMAT = "dwarf-with-dsym";
				ENABLE_NS_ASSERTIONS = NO;
				ENABLE_STRICT_OBJC_MSGSEND = YES;
				GCC_C_LANGUAGE_STANDARD = gnu11;
				GCC_NO_COMMON_BLOCKS = YES;
				GCC_WARN_64_TO_32_BIT_CONVERSION = YES;
				GCC_WARN_ABOUT_RETURN_TYPE = YES_ERROR;
				GCC_WARN_UNDECLARED_SELECTOR = YES;
				GCC_WARN_UNINITIALIZED_AUTOS = YES_AGGRESSIVE;
				GCC_WARN_UNUSED_FUNCTION = YES;
				GCC_WARN_UNUSED_VARIABLE = YES;
				IPHONEOS_DEPLOYMENT_TARGET = 15.5;
				MTL_ENABLE_DEBUG_INFO = NO;
				MTL_FAST_MATH = YES;
				SDKROOT = iphoneos;
				SWIFT_COMPILATION_MODE = wholemodule;
				SWIFT_OPTIMIZATION_LEVEL = "-O";
				VALIDATE_PRODUCT = YES;
			};
			name = Release;
		};
		D38BE2C62939C490007EC3BF /* Debug */ = {
			isa = XCBuildConfiguration;
			buildSettings = {
				ASSETCATALOG_COMPILER_APPICON_NAME = AppIcon;
				ASSETCATALOG_COMPILER_GLOBAL_ACCENT_COLOR_NAME = AccentColor;
				CODE_SIGN_STYLE = Automatic;
				CURRENT_PROJECT_VERSION = 1;
				DEVELOPMENT_TEAM = U9E6V65Y49;
				GENERATE_INFOPLIST_FILE = YES;
				INFOPLIST_FILE = CallKitSample/Info.plist;
				INFOPLIST_KEY_UIApplicationSupportsIndirectInputEvents = YES;
				INFOPLIST_KEY_UILaunchStoryboardName = LaunchScreen;
				INFOPLIST_KEY_UIMainStoryboardFile = Main;
				INFOPLIST_KEY_UISupportedInterfaceOrientations_iPad = "UIInterfaceOrientationPortrait UIInterfaceOrientationPortraitUpsideDown UIInterfaceOrientationLandscapeLeft UIInterfaceOrientationLandscapeRight";
				INFOPLIST_KEY_UISupportedInterfaceOrientations_iPhone = "UIInterfaceOrientationPortrait UIInterfaceOrientationLandscapeLeft UIInterfaceOrientationLandscapeRight";
				LD_RUNPATH_SEARCH_PATHS = (
					"$(inherited)",
					"@executable_path/Frameworks",
				);
				MARKETING_VERSION = 1.0;
				PRODUCT_BUNDLE_IDENTIFIER = com.test.foo.CallKitSample;
				PRODUCT_NAME = "$(TARGET_NAME)";
				SWIFT_EMIT_LOC_STRINGS = YES;
				SWIFT_VERSION = 5.0;
				TARGETED_DEVICE_FAMILY = "1,2";
			};
			name = Debug;
		};
		D38BE2C72939C490007EC3BF /* Release */ = {
			isa = XCBuildConfiguration;
			buildSettings = {
				ASSETCATALOG_COMPILER_APPICON_NAME = AppIcon;
				ASSETCATALOG_COMPILER_GLOBAL_ACCENT_COLOR_NAME = AccentColor;
				CODE_SIGN_STYLE = Automatic;
				CURRENT_PROJECT_VERSION = 1;
				DEVELOPMENT_TEAM = U9E6V65Y49;
				GENERATE_INFOPLIST_FILE = YES;
				INFOPLIST_FILE = CallKitSample/Info.plist;
				INFOPLIST_KEY_UIApplicationSupportsIndirectInputEvents = YES;
				INFOPLIST_KEY_UILaunchStoryboardName = LaunchScreen;
				INFOPLIST_KEY_UIMainStoryboardFile = Main;
				INFOPLIST_KEY_UISupportedInterfaceOrientations_iPad = "UIInterfaceOrientationPortrait UIInterfaceOrientationPortraitUpsideDown UIInterfaceOrientationLandscapeLeft UIInterfaceOrientationLandscapeRight";
				INFOPLIST_KEY_UISupportedInterfaceOrientations_iPhone = "UIInterfaceOrientationPortrait UIInterfaceOrientationLandscapeLeft UIInterfaceOrientationLandscapeRight";
				LD_RUNPATH_SEARCH_PATHS = (
					"$(inherited)",
					"@executable_path/Frameworks",
				);
				MARKETING_VERSION = 1.0;
				PRODUCT_BUNDLE_IDENTIFIER = com.test.foo.CallKitSample;
				PRODUCT_NAME = "$(TARGET_NAME)";
				SWIFT_EMIT_LOC_STRINGS = YES;
				SWIFT_VERSION = 5.0;
				TARGETED_DEVICE_FAMILY = "1,2";
			};
			name = Release;
		};
		D38BE2C92939C490007EC3BF /* Debug */ = {
			isa = XCBuildConfiguration;
			buildSettings = {
				ALWAYS_EMBED_SWIFT_STANDARD_LIBRARIES = YES;
				BUNDLE_LOADER = "$(TEST_HOST)";
				CODE_SIGN_STYLE = Automatic;
				CURRENT_PROJECT_VERSION = 1;
				DEVELOPMENT_TEAM = 94KV3E626L;
				GENERATE_INFOPLIST_FILE = YES;
				IPHONEOS_DEPLOYMENT_TARGET = 15.5;
				MARKETING_VERSION = 1.0;
				PRODUCT_BUNDLE_IDENTIFIER = com.test.foo.CallKitSampleTests;
				PRODUCT_NAME = "$(TARGET_NAME)";
				SWIFT_EMIT_LOC_STRINGS = NO;
				SWIFT_VERSION = 5.0;
				TARGETED_DEVICE_FAMILY = "1,2";
				TEST_HOST = "$(BUILT_PRODUCTS_DIR)/CallKitSample.app/CallKitSample";
			};
			name = Debug;
		};
		D38BE2CA2939C490007EC3BF /* Release */ = {
			isa = XCBuildConfiguration;
			buildSettings = {
				ALWAYS_EMBED_SWIFT_STANDARD_LIBRARIES = YES;
				BUNDLE_LOADER = "$(TEST_HOST)";
				CODE_SIGN_STYLE = Automatic;
				CURRENT_PROJECT_VERSION = 1;
				DEVELOPMENT_TEAM = 94KV3E626L;
				GENERATE_INFOPLIST_FILE = YES;
				IPHONEOS_DEPLOYMENT_TARGET = 15.5;
				MARKETING_VERSION = 1.0;
				PRODUCT_BUNDLE_IDENTIFIER = com.test.foo.CallKitSampleTests;
				PRODUCT_NAME = "$(TARGET_NAME)";
				SWIFT_EMIT_LOC_STRINGS = NO;
				SWIFT_VERSION = 5.0;
				TARGETED_DEVICE_FAMILY = "1,2";
				TEST_HOST = "$(BUILT_PRODUCTS_DIR)/CallKitSample.app/CallKitSample";
			};
			name = Release;
		};
		D38BE2CC2939C490007EC3BF /* Debug */ = {
			isa = XCBuildConfiguration;
			buildSettings = {
				ALWAYS_EMBED_SWIFT_STANDARD_LIBRARIES = YES;
				CODE_SIGN_STYLE = Automatic;
				CURRENT_PROJECT_VERSION = 1;
				DEVELOPMENT_TEAM = 94KV3E626L;
				GENERATE_INFOPLIST_FILE = YES;
				MARKETING_VERSION = 1.0;
				PRODUCT_BUNDLE_IDENTIFIER = com.test.foo.CallKitSampleUITests;
				PRODUCT_NAME = "$(TARGET_NAME)";
				SWIFT_EMIT_LOC_STRINGS = NO;
				SWIFT_VERSION = 5.0;
				TARGETED_DEVICE_FAMILY = "1,2";
				TEST_TARGET_NAME = CallKitSample;
			};
			name = Debug;
		};
		D38BE2CD2939C490007EC3BF /* Release */ = {
			isa = XCBuildConfiguration;
			buildSettings = {
				ALWAYS_EMBED_SWIFT_STANDARD_LIBRARIES = YES;
				CODE_SIGN_STYLE = Automatic;
				CURRENT_PROJECT_VERSION = 1;
				DEVELOPMENT_TEAM = 94KV3E626L;
				GENERATE_INFOPLIST_FILE = YES;
				MARKETING_VERSION = 1.0;
				PRODUCT_BUNDLE_IDENTIFIER = com.test.foo.CallKitSampleUITests;
				PRODUCT_NAME = "$(TARGET_NAME)";
				SWIFT_EMIT_LOC_STRINGS = NO;
				SWIFT_VERSION = 5.0;
				TARGETED_DEVICE_FAMILY = "1,2";
				TEST_TARGET_NAME = CallKitSample;
			};
			name = Release;
		};
/* End XCBuildConfiguration section */

/* Begin XCConfigurationList section */
		D38BE2962939C48F007EC3BF /* Build configuration list for PBXProject "CallKitSample" */ = {
			isa = XCConfigurationList;
			buildConfigurations = (
				D38BE2C32939C490007EC3BF /* Debug */,
				D38BE2C42939C490007EC3BF /* Release */,
			);
			defaultConfigurationIsVisible = 0;
			defaultConfigurationName = Release;
		};
		D38BE2C52939C490007EC3BF /* Build configuration list for PBXNativeTarget "CallKitSample" */ = {
			isa = XCConfigurationList;
			buildConfigurations = (
				D38BE2C62939C490007EC3BF /* Debug */,
				D38BE2C72939C490007EC3BF /* Release */,
			);
			defaultConfigurationIsVisible = 0;
			defaultConfigurationName = Release;
		};
		D38BE2C82939C490007EC3BF /* Build configuration list for PBXNativeTarget "CallKitSampleTests" */ = {
			isa = XCConfigurationList;
			buildConfigurations = (
				D38BE2C92939C490007EC3BF /* Debug */,
				D38BE2CA2939C490007EC3BF /* Release */,
			);
			defaultConfigurationIsVisible = 0;
			defaultConfigurationName = Release;
		};
		D38BE2CB2939C490007EC3BF /* Build configuration list for PBXNativeTarget "CallKitSampleUITests" */ = {
			isa = XCConfigurationList;
			buildConfigurations = (
				D38BE2CC2939C490007EC3BF /* Debug */,
				D38BE2CD2939C490007EC3BF /* Release */,
			);
			defaultConfigurationIsVisible = 0;
			defaultConfigurationName = Release;
		};
/* End XCConfigurationList section */
	};
	rootObject = D38BE2932939C48F007EC3BF /* Project object */;
}
